
Microsoft Visual Studio Solution File, Format Version 12.00
# Visual Studio 15
VisualStudioVersion = 15.0.27428.2015
MinimumVisualStudioVersion = 10.0.40219.1
Project("{8BC9CEB8-8B4A-11D0-8D11-00A0C91BC942}") = "Neural4", "Neural4\Neural4.vcxproj", "{455562BD-8989-4BE7-9CA8-678621D98F5E}"
EndProject
Global
	GlobalSection(SolutionConfigurationPlatforms) = preSolution
		Debug|x64 = Debug|x64
		Debug|x86 = Debug|x86
		Release|x64 = Release|x64
		Release|x86 = Release|x86
	EndGlobalSection
	GlobalSection(ProjectConfigurationPlatforms) = postSolution
		{455562BD-8989-4BE7-9CA8-678621D98F5E}.Debug|x64.ActiveCfg = Debug|x64
		{455562BD-8989-4BE7-9CA8-678621D98F5E}.Debug|x64.Build.0 = Debug|x64
		{455562BD-8989-4BE7-9CA8-678621D98F5E}.Debug|x86.ActiveCfg = Debug|Win32
		{455562BD-8989-4BE7-9CA8-678621D98F5E}.Debug|x86.Build.0 = Debug|Win32
		{455562BD-8989-4BE7-9CA8-678621D98F5E}.Release|x64.ActiveCfg = Release|x64
		{455562BD-8989-4BE7-9CA8-678621D98F5E}.Release|x64.Build.0 = Release|x64
		{455562BD-8989-4BE7-9CA8-678621D98F5E}.Release|x86.ActiveCfg = Release|Win32
		{455562BD-8989-4BE7-9CA8-678621D98F5E}.Release|x86.Build.0 = Release|Win32
	EndGlobalSection
	GlobalSection(SolutionProperties) = preSolution
		HideSolutionNode = FALSE
	EndGlobalSection
	GlobalSection(ExtensibilityGlobals) = postSolution
		SolutionGuid = {D8B4383D-8FF5-447B-92D8-78C25E63D237}
	EndGlobalSection
EndGlobal
